
Microsoft Visual Studio Solution File, Format Version 12.00
# Visual Studio Version 16
VisualStudioVersion = 16.0.31702.278
MinimumVisualStudioVersion = 10.0.40219.1
Project("{9A19103F-16F7-4668-BE54-9A1E7A4F7556}") = "PhotoCatalog.Model", "PhotoCatalog.Model\PhotoCatalog.Model.csproj", "{12778419-EFDB-4A9F-8D52-F9DD3F219CC3}"
EndProject
Project("{9A19103F-16F7-4668-BE54-9A1E7A4F7556}") = "PhotoCatalog.Service", "PhotoCatalog.Service\PhotoCatalog.Service.csproj", "{9A1AC0ED-1D33-4093-865F-D1CC2F635D17}"
EndProject
Project("{9A19103F-16F7-4668-BE54-9A1E7A4F7556}") = "PhotoCatalog.API", "PhotoCatalog.API\PhotoCatalog.API.csproj", "{ECF275C1-0F06-4AEA-B485-AC90D0DAF55E}"
EndProject
Project("{FAE04EC0-301F-11D3-BF4B-00C04F79EFBC}") = "PhotoCatalog.Settings", "PhotoCatalog.Settings\PhotoCatalog.Settings.csproj", "{55EC4E68-426C-43AD-816F-B4B43B29A6CB}"
EndProject
Global
	GlobalSection(SolutionConfigurationPlatforms) = preSolution
		Debug|Any CPU = Debug|Any CPU
		Release|Any CPU = Release|Any CPU
	EndGlobalSection
	GlobalSection(ProjectConfigurationPlatforms) = postSolution
		{12778419-EFDB-4A9F-8D52-F9DD3F219CC3}.Debug|Any CPU.ActiveCfg = Debug|Any CPU
		{12778419-EFDB-4A9F-8D52-F9DD3F219CC3}.Debug|Any CPU.Build.0 = Debug|Any CPU
		{12778419-EFDB-4A9F-8D52-F9DD3F219CC3}.Release|Any CPU.ActiveCfg = Release|Any CPU
		{12778419-EFDB-4A9F-8D52-F9DD3F219CC3}.Release|Any CPU.Build.0 = Release|Any CPU
		{9A1AC0ED-1D33-4093-865F-D1CC2F635D17}.Debug|Any CPU.ActiveCfg = Debug|Any CPU
		{9A1AC0ED-1D33-4093-865F-D1CC2F635D17}.Debug|Any CPU.Build.0 = Debug|Any CPU
		{9A1AC0ED-1D33-4093-865F-D1CC2F635D17}.Release|Any CPU.ActiveCfg = Release|Any CPU
		{9A1AC0ED-1D33-4093-865F-D1CC2F635D17}.Release|Any CPU.Build.0 = Release|Any CPU
		{ECF275C1-0F06-4AEA-B485-AC90D0DAF55E}.Debug|Any CPU.ActiveCfg = Debug|Any CPU
		{ECF275C1-0F06-4AEA-B485-AC90D0DAF55E}.Debug|Any CPU.Build.0 = Debug|Any CPU
		{ECF275C1-0F06-4AEA-B485-AC90D0DAF55E}.Release|Any CPU.ActiveCfg = Release|Any CPU
		{ECF275C1-0F06-4AEA-B485-AC90D0DAF55E}.Release|Any CPU.Build.0 = Release|Any CPU
		{55EC4E68-426C-43AD-816F-B4B43B29A6CB}.Debug|Any CPU.ActiveCfg = Debug|Any CPU
		{55EC4E68-426C-43AD-816F-B4B43B29A6CB}.Debug|Any CPU.Build.0 = Debug|Any CPU
		{55EC4E68-426C-43AD-816F-B4B43B29A6CB}.Release|Any CPU.ActiveCfg = Release|Any CPU
		{55EC4E68-426C-43AD-816F-B4B43B29A6CB}.Release|Any CPU.Build.0 = Release|Any CPU
	EndGlobalSection
	GlobalSection(SolutionProperties) = preSolution
		HideSolutionNode = FALSE
	EndGlobalSection
	GlobalSection(ExtensibilityGlobals) = postSolution
		SolutionGuid = {7C9969E9-3ABE-472E-91A9-2503FB0431E8}
	EndGlobalSection
EndGlobal
